{
  "name": "tmc",
  "version": "1.0.0",
  "lockfileVersion": 1,
  "requires": true,
  "dependencies": {
    "cos-wx-sdk-v5": {
      "version": "0.7.11",
      "resolved": "https://registry.npmjs.org/cos-wx-sdk-v5/-/cos-wx-sdk-v5-0.7.11.tgz",
      "integrity": "sha512-pOJYs2fJz1QsCf0ogmARuon5K4cDmCXozqhfnpdc+WsqZbd4L8amMlu9Q43Uv7IKYq/DAsHQbrkObweIh2N3fg==",
      "requires": {
        "xmldom": "^0.1.27"
      }
    },
    "lottie-miniprogram": {
      "version": "1.0.11",
      "resolved": "https://registry.npm.taobao.org/lottie-miniprogram/download/lottie-miniprogram-1.0.11.tgz",
      "integrity": "sha1-Ptf9QyCeFBMS3rzt/oHJwsj2fs0="
    },
    "tim-wx-sdk": {
      "version": "2.8.5",
      "resolved": "https://registry.npmjs.org/tim-wx-sdk/-/tim-wx-sdk-2.8.5.tgz",
      "integrity": "sha512-OdhaZ4sVodEnBXCn2wahb6uKkQSqJF+Oc2dH8WywU72901nSOyG5i7I4MBVPtg+ifwywFuvFKgpFzAJW6NULDA=="
    },
    "weui-miniprogram": {
      "version": "1.0.6",
      "resolved": "https://registry.npmjs.org/weui-miniprogram/-/weui-miniprogram-1.0.6.tgz",
      "integrity": "sha512-ZegGoOE6Gok3YkTTmlbsgAnd6+0SyqREzfCy160ttW3TC884bkgMHj9zZeXIPQSbIp18rg99I5qWJr5o44QodQ=="
    },
    "xmldom": {
      "version": "0.1.31",
      "resolved": "https://registry.npmjs.org/xmldom/-/xmldom-0.1.31.tgz",
      "integrity": "sha512-yS2uJflVQs6n+CyjHoaBmVSqIDevTAWrzMmjG1Gc7h1qQ7uVozNhEPJAwZXWyGQ/Gafo3fCwrcaokezLPupVyQ=="
    }
  }
}
